
Microsoft Visual Studio Solution File, Format Version 12.00
# Visual Studio Version 17
VisualStudioVersion = 17.10.35122.118
MinimumVisualStudioVersion = 10.0.40219.1
Project("{9A19103F-16F7-4668-BE54-9A1E7A4F7556}") = "CertificateGenerator", "CertificateGenerator\CertificateGenerator.csproj", "{B4486136-7DEB-4443-8323-0D0A65CD5319}"
EndProject
Project("{2150E333-8FDC-42A3-9474-1A3956D46DE8}") = "Solution Items", "Solution Items", "{E0DDE63C-D018-4D05-BFBF-D9FC5BAD86B4}"
	ProjectSection(SolutionItems) = preProject
		.editorconfig = .editorconfig
	EndProjectSection
EndProject
Global
	GlobalSection(SolutionConfigurationPlatforms) = preSolution
		Debug|Any CPU = Debug|Any CPU
		Release|Any CPU = Release|Any CPU
	EndGlobalSection
	GlobalSection(ProjectConfigurationPlatforms) = postSolution
		{B4486136-7DEB-4443-8323-0D0A65CD5319}.Debug|Any CPU.ActiveCfg = Debug|Any CPU
		{B4486136-7DEB-4443-8323-0D0A65CD5319}.Debug|Any CPU.Build.0 = Debug|Any CPU
		{B4486136-7DEB-4443-8323-0D0A65CD5319}.Release|Any CPU.ActiveCfg = Release|Any CPU
		{B4486136-7DEB-4443-8323-0D0A65CD5319}.Release|Any CPU.Build.0 = Release|Any CPU
	EndGlobalSection
	GlobalSection(SolutionProperties) = preSolution
		HideSolutionNode = FALSE
	EndGlobalSection
	GlobalSection(ExtensibilityGlobals) = postSolution
		SolutionGuid = {E65F6544-6EA9-48F3-ACD0-BA4ABDD1E053}
	EndGlobalSection
EndGlobal
